// !$*UTF8*$!
{
	archiveVersion = 1;
	classes = {
	};
	objectVersion = 46;
	objects = {

/* Begin PBXBuildFile section */
		58785AE81D11629200D1469D /* AppDelegate.swift in Sources */ = {isa = PBXBuildFile; fileRef = 58785AE71D11629200D1469D /* AppDelegate.swift */; };
		58785AEA1D11629200D1469D /* ViewController.swift in Sources */ = {isa = PBXBuildFile; fileRef = 58785AE91D11629200D1469D /* ViewController.swift */; };
		58785AED1D11629200D1469D /* Main.storyboard in Resources */ = {isa = PBXBuildFile; fileRef = 58785AEB1D11629200D1469D /* Main.storyboard */; };
		58785AF01D11629200D1469D /* GitXcode.xcdatamodeld in Sources */ = {isa = PBXBuildFile; fileRef = 58785AEE1D11629200D1469D /* GitXcode.xcdatamodeld */; };
		58785AF21D11629200D1469D /* Assets.xcassets in Resources */ = {isa = PBXBuildFile; fileRef = 58785AF11D11629200D1469D /* Assets.xcassets */; };
		58785AF51D11629200D1469D /* LaunchScreen.storyboard in Resources */ = {isa = PBXBuildFile; fileRef = 58785AF31D11629200D1469D /* LaunchScreen.storyboard */; };
		58785B001D11629200D1469D /* GitXcodeTests.swift in Sources */ = {isa = PBXBuildFile; fileRef = 58785AFF1D11629200D1469D /* GitXcodeTests.swift */; };
		58785B0B1D11629200D1469D /* GitXcodeUITests.swift in Sources */ = {isa = PBXBuildFile; fileRef = 58785B0A1D11629200D1469D /* GitXcodeUITests.swift */; };
/* End PBXBuildFile section */

/* Begin PBXContainerItemProxy section */
		58785AFC1D11629200D1469D /* PBXContainerItemProxy */ = {
			isa = PBXContainerItemProxy;
			containerPortal = 58785ADC1D11629200D1469D /* Project object */;
			proxyType = 1;
			remoteGlobalIDString = 58785AE31D11629200D1469D;
			remoteInfo = GitXcode;
		};
		58785B071D11629200D1469D /* PBXContainerItemProxy */ = {
			isa = PBXContainerItemProxy;
			containerPortal = 58785ADC1D11629200D1469D /* Project object */;
			proxyType = 1;
			remoteGlobalIDString = 58785AE31D11629200D1469D;
			remoteInfo = GitXcode;
		};
/* End PBXContainerItemProxy section */

/* Begin PBXFileReference section */
		58785AE41D11629200D1469D /* GitXcode.app */ = {isa = PBXFileReference; explicitFileType = wrapper.application; includeInIndex = 0; path = GitXcode.app; sourceTree = BUILT_PRODUCTS_DIR; };
		58785AE71D11629200D1469D /* AppDelegate.swift */ = {isa = PBXFileReference; lastKnownFileType = sourcecode.swift; path = AppDelegate.swift; sourceTree = "<group>"; };
		58785AE91D11629200D1469D /* ViewController.swift */ = {isa = PBXFileReference; lastKnownFileType = sourcecode.swift; path = ViewController.swift; sourceTree = "<group>"; };
		58785AEC1D11629200D1469D /* Base */ = {isa = PBXFileReference; lastKnownFileType = file.storyboard; name = Base; path = Base.lproj/Main.storyboard; sourceTree = "<group>"; };
		58785AEF1D11629200D1469D /* GitXcode.xcdatamodel */ = {isa = PBXFileReference; lastKnownFileType = wrapper.xcdatamodel; path = GitXcode.xcdatamodel; sourceTree = "<group>"; };
		58785AF11D11629200D1469D /* Assets.xcassets */ = {isa = PBXFileReference; lastKnownFileType = folder.assetcatalog; path = Assets.xcassets; sourceTree = "<group>"; };
		58785AF41D11629200D1469D /* Base */ = {isa = PBXFileReference; lastKnownFileType = file.storyboard; name = Base; path = Base.lproj/LaunchScreen.storyboard; sourceTree = "<group>"; };
		58785AF61D11629200D1469D /* Info.plist */ = {isa = PBXFileReference; lastKnownFileType = text.plist.xml; path = Info.plist; sourceTree = "<group>"; };
		58785AFB1D11629200D1469D /* GitXcodeTests.xctest */ = {isa = PBXFileReference; explicitFileType = wrapper.cfbundle; includeInIndex = 0; path = GitXcodeTests.xctest; sourceTree = BUILT_PRODUCTS_DIR; };
		58785AFF1D11629200D1469D /* GitXcodeTests.swift */ = {isa = PBXFileReference; lastKnownFileType = sourcecode.swift; path = GitXcodeTests.swift; sourceTree = "<group>"; };
		58785B011D11629200D1469D /* Info.plist */ = {isa = PBXFileReference; lastKnownFileType = text.plist.xml; path = Info.plist; sourceTree = "<group>"; };
		58785B061D11629200D1469D /* GitXcodeUITests.xctest */ = {isa = PBXFileReference; explicitFileType = wrapper.cfbundle; includeInIndex = 0; path = GitXcodeUITests.xctest; sourceTree = BUILT_PRODUCTS_DIR; };
		58785B0A1D11629200D1469D /* GitXcodeUITests.swift */ = {isa = PBXFileReference; lastKnownFileType = sourcecode.swift; path = GitXcodeUITests.swift; sourceTree = "<group>"; };
		58785B0C1D11629200D1469D /* Info.plist */ = {isa = PBXFileReference; lastKnownFileType = text.plist.xml; path = Info.plist; sourceTree = "<group>"; };
/* End PBXFileReference section */

/* Begin PBXFrameworksBuildPhase section */
		58785AE11D11629200D1469D /* Frameworks */ = {
			isa = PBXFrameworksBuildPhase;
			buildActionMask = 2147483647;
			files = (
			);
			runOnlyForDeploymentPostprocessing = 0;
		};
		58785AF81D11629200D1469D /* Frameworks */ = {
			isa = PBXFrameworksBuildPhase;
			buildActionMask = 2147483647;
			files = (
			);
			runOnlyForDeploymentPostprocessing = 0;
		};
		58785B031D11629200D1469D /* Frameworks */ = {
			isa = PBXFrameworksBuildPhase;
			buildActionMask = 2147483647;
			files = (
			);
			runOnlyForDeploymentPostprocessing = 0;
		};
/* End PBXFrameworksBuildPhase section */

/* Begin PBXGroup section */
		58785ADB1D11629200D1469D = {
			isa = PBXGroup;
			children = (
				58785AE61D11629200D1469D /* GitXcode */,
				58785AFE1D11629200D1469D /* GitXcodeTests */,
				58785B091D11629200D1469D /* GitXcodeUITests */,
				58785AE51D11629200D1469D /* Products */,
			);
			sourceTree = "<group>";
		};
		58785AE51D11629200D1469D /* Products */ = {
			isa = PBXGroup;
			children = (
				58785AE41D11629200D1469D /* GitXcode.app */,
				58785AFB1D11629200D1469D /* GitXcodeTests.xctest */,
				58785B061D11629200D1469D /* GitXcodeUITests.xctest */,
			);
			name = Products;
			sourceTree = "<group>";
		};
		58785AE61D11629200D1469D /* GitXcode */ = {
			isa = PBXGroup;
			children = (
				58785AE71D11629200D1469D /* AppDelegate.swift */,
				58785AE91D11629200D1469D /* ViewController.swift */,
				58785AEB1D11629200D1469D /* Main.storyboard */,
				58785AF11D11629200D1469D /* Assets.xcassets */,
				58785AF31D11629200D1469D /* LaunchScreen.storyboard */,
				58785AF61D11629200D1469D /* Info.plist */,
				58785AEE1D11629200D1469D /* GitXcode.xcdatamodeld */,
			);
			path = GitXcode;
			sourceTree = "<group>";
		};
		58785AFE1D11629200D1469D /* GitXcodeTests */ = {
			isa = PBXGroup;
			children = (
				58785AFF1D11629200D1469D /* GitXcodeTests.swift */,
				58785B011D11629200D1469D /* Info.plist */,
			);
			path = GitXcodeTests;
			sourceTree = "<group>";
		};
		58785B091D11629200D1469D /* GitXcodeUITests */ = {
			isa = PBXGroup;
			children = (
				58785B0A1D11629200D1469D /* GitXcodeUITests.swift */,
				58785B0C1D11629200D1469D /* Info.plist */,
			);
			path = GitXcodeUITests;
			sourceTree = "<group>";
		};
/* End PBXGroup section */

/* Begin PBXNativeTarget section */
		58785AE31D11629200D1469D /* GitXcode */ = {
			isa = PBXNativeTarget;
			buildConfigurationList = 58785B0F1D11629200D1469D /* Build configuration list for PBXNativeTarget "GitXcode" */;
			buildPhases = (
				58785AE01D11629200D1469D /* Sources */,
				58785AE11D11629200D1469D /* Frameworks */,
				58785AE21D11629200D1469D /* Resources */,
			);
			buildRules = (
			);
			dependencies = (
			);
			name = GitXcode;
			productName = GitXcode;
			productReference = 58785AE41D11629200D1469D /* GitXcode.app */;
			productType = "com.apple.product-type.application";
		};
		58785AFA1D11629200D1469D /* GitXcodeTests */ = {
			isa = PBXNativeTarget;
			buildConfigurationList = 58785B121D11629200D1469D /* Build configuration list for PBXNativeTarget "GitXcodeTests" */;
			buildPhases = (
				58785AF71D11629200D1469D /* Sources */,
				58785AF81D11629200D1469D /* Frameworks */,
				58785AF91D11629200D1469D /* Resources */,
			);
			buildRules = (
			);
			dependencies = (
				58785AFD1D11629200D1469D /* PBXTargetDependency */,
			);
			name = GitXcodeTests;
			productName = GitXcodeTests;
			productReference = 58785AFB1D11629200D1469D /* GitXcodeTests.xctest */;
			productType = "com.apple.product-type.bundle.unit-test";
		};
		58785B051D11629200D1469D /* GitXcodeUITests */ = {
			isa = PBXNativeTarget;
			buildConfigurationList = 58785B151D11629200D1469D /* Build configuration list for PBXNativeTarget "GitXcodeUITests" */;
			buildPhases = (
				58785B021D11629200D1469D /* Sources */,
				58785B031D11629200D1469D /* Frameworks */,
				58785B041D11629200D1469D /* Resources */,
			);
			buildRules = (
			);
			dependencies = (
				58785B081D11629200D1469D /* PBXTargetDependency */,
			);
			name = GitXcodeUITests;
			productName = GitXcodeUITests;
			productReference = 58785B061D11629200D1469D /* GitXcodeUITests.xctest */;
			productType = "com.apple.product-type.bundle.ui-testing";
		};
/* End PBXNativeTarget section */

/* Begin PBXProject section */
		58785ADC1D11629200D1469D /* Project object */ = {
			isa = PBXProject;
			attributes = {
				LastSwiftUpdateCheck = 0730;
				LastUpgradeCheck = 0730;
				ORGANIZATIONNAME = "Mert Avci";
				TargetAttributes = {
					58785AE31D11629200D1469D = {
						CreatedOnToolsVersion = 7.3.1;
					};
					58785AFA1D11629200D1469D = {
						CreatedOnToolsVersion = 7.3.1;
						TestTargetID = 58785AE31D11629200D1469D;
					};
					58785B051D11629200D1469D = {
						CreatedOnToolsVersion = 7.3.1;
						TestTargetID = 58785AE31D11629200D1469D;
					};
				};
			};
			buildConfigurationList = 58785ADF1D11629200D1469D /* Build configuration list for PBXProject "GitXcode" */;
			compatibilityVersion = "Xcode 3.2";
			developmentRegion = English;
			hasScannedForEncodings = 0;
			knownRegions = (
				en,
				Base,
			);
			mainGroup = 58785ADB1D11629200D1469D;
			productRefGroup = 58785AE51D11629200D1469D /* Products */;
			projectDirPath = "";
			projectRoot = "";
			targets = (
				58785AE31D11629200D1469D /* GitXcode */,
				58785AFA1D11629200D1469D /* GitXcodeTests */,
				58785B051D11629200D1469D /* GitXcodeUITests */,
			);
		};
/* End PBXProject section */

/* Begin PBXResourcesBuildPhase section */
		58785AE21D11629200D1469D /* Resources */ = {
			isa = PBXResourcesBuildPhase;
			buildActionMask = 2147483647;
			files = (
				58785AF51D11629200D1469D /* LaunchScreen.storyboard in Resources */,
				58785AF21D11629200D1469D /* Assets.xcassets in Resources */,
				58785AED1D11629200D1469D /* Main.storyboard in Resources */,
			);
			runOnlyForDeploymentPostprocessing = 0;
		};
		58785AF91D11629200D1469D /* Resources */ = {
			isa = PBXResourcesBuildPhase;
			buildActionMask = 2147483647;
			files = (
			);
			runOnlyForDeploymentPostprocessing = 0;
		};
		58785B041D11629200D1469D /* Resources */ = {
			isa = PBXResourcesBuildPhase;
			buildActionMask = 2147483647;
			files = (
			);
			runOnlyForDeploymentPostprocessing = 0;
		};
/* End PBXResourcesBuildPhase section */

/* Begin PBXSourcesBuildPhase section */
		58785AE01D11629200D1469D /* Sources */ = {
			isa = PBXSourcesBuildPhase;
			buildActionMask = 2147483647;
			files = (
				58785AEA1D11629200D1469D /* ViewController.swift in Sources */,
				58785AE81D11629200D1469D /* AppDelegate.swift in Sources */,
				58785AF01D11629200D1469D /* GitXcode.xcdatamodeld in Sources */,
			);
			runOnlyForDeploymentPostprocessing = 0;
		};
		58785AF71D11629200D1469D /* Sources */ = {
			isa = PBXSourcesBuildPhase;
			buildActionMask = 2147483647;
			files = (
				58785B001D11629200D1469D /* GitXcodeTests.swift in Sources */,
			);
			runOnlyForDeploymentPostprocessing = 0;
		};
		58785B021D11629200D1469D /* Sources */ = {
			isa = PBXSourcesBuildPhase;
			buildActionMask = 2147483647;
			files = (
				58785B0B1D11629200D1469D /* GitXcodeUITests.swift in Sources */,
			);
			runOnlyForDeploymentPostprocessing = 0;
		};
/* End PBXSourcesBuildPhase section */

/* Begin PBXTargetDependency section */
		58785AFD1D11629200D1469D /* PBXTargetDependency */ = {
			isa = PBXTargetDependency;
			target = 58785AE31D11629200D1469D /* GitXcode */;
			targetProxy = 58785AFC1D11629200D1469D /* PBXContainerItemProxy */;
		};
		58785B081D11629200D1469D /* PBXTargetDependency */ = {
			isa = PBXTargetDependency;
			target = 58785AE31D11629200D1469D /* GitXcode */;
			targetProxy = 58785B071D11629200D1469D /* PBXContainerItemProxy */;
		};
/* End PBXTargetDependency section */

/* Begin PBXVariantGroup section */
		58785AEB1D11629200D1469D /* Main.storyboard */ = {
			isa = PBXVariantGroup;
			children = (
				58785AEC1D11629200D1469D /* Base */,
			);
			name = Main.storyboard;
			sourceTree = "<group>";
		};
		58785AF31D11629200D1469D /* LaunchScreen.storyboard */ = {
			isa = PBXVariantGroup;
			children = (
				58785AF41D11629200D1469D /* Base */,
			);
			name = LaunchScreen.storyboard;
			sourceTree = "<group>";
		};
/* End PBXVariantGroup section */

/* Begin XCBuildConfiguration section */
		58785B0D1D11629200D1469D /* Debug */ = {
			isa = XCBuildConfiguration;
			buildSettings = {
				ALWAYS_SEARCH_USER_PATHS = NO;
				CLANG_ANALYZER_NONNULL = YES;
				CLANG_CXX_LANGUAGE_STANDARD = "gnu++0x";
				CLANG_CXX_LIBRARY = "libc++";
				CLANG_ENABLE_MODULES = YES;
				CLANG_ENABLE_OBJC_ARC = YES;
				CLANG_WARN_BOOL_CONVERSION = YES;
				CLANG_WARN_CONSTANT_CONVERSION = YES;
				CLANG_WARN_DIRECT_OBJC_ISA_USAGE = YES_ERROR;
				CLANG_WARN_EMPTY_BODY = YES;
				CLANG_WARN_ENUM_CONVERSION = YES;
				CLANG_WARN_INT_CONVERSION = YES;
				CLANG_WARN_OBJC_ROOT_CLASS = YES_ERROR;
				CLANG_WARN_UNREACHABLE_CODE = YES;
				CLANG_WARN__DUPLICATE_METHOD_MATCH = YES;
				"CODE_SIGN_IDENTITY[sdk=iphoneos*]" = "iPhone Developer";
				COPY_PHASE_STRIP = NO;
				DEBUG_INFORMATION_FORMAT = dwarf;
				ENABLE_STRICT_OBJC_MSGSEND = YES;
				ENABLE_TESTABILITY = YES;
				GCC_C_LANGUAGE_STANDARD = gnu99;
				GCC_DYNAMIC_NO_PIC = NO;
				GCC_NO_COMMON_BLOCKS = YES;
				GCC_OPTIMIZATION_LEVEL = 0;
				GCC_PREPROCESSOR_DEFINITIONS = (
					"DEBUG=1",
					"$(inherited)",
				);
				GCC_WARN_64_TO_32_BIT_CONVERSION = YES;
				GCC_WARN_ABOUT_RETURN_TYPE = YES_ERROR;
				GCC_WARN_UNDECLARED_SELECTOR = YES;
				GCC_WARN_UNINITIALIZED_AUTOS = YES_AGGRESSIVE;
				GCC_WARN_UNUSED_FUNCTION = YES;
				GCC_WARN_UNUSED_VARIABLE = YES;
				IPHONEOS_DEPLOYMENT_TARGET = 9.3;
				MTL_ENABLE_DEBUG_INFO = YES;
				ONLY_ACTIVE_ARCH = YES;
				SDKROOT = iphoneos;
				SWIFT_OPTIMIZATION_LEVEL = "-Onone";
				TARGETED_DEVICE_FAMILY = "1,2";
			};
			name = Debug;
		};
		58785B0E1D11629200D1469D /* Release */ = {
			isa = XCBuildConfiguration;
			buildSettings = {
				ALWAYS_SEARCH_USER_PATHS = NO;
				CLANG_ANALYZER_NONNULL = YES;
				CLANG_CXX_LANGUAGE_STANDARD = "gnu++0x";
				CLANG_CXX_LIBRARY = "libc++";
				CLANG_ENABLE_MODULES = YES;
				CLANG_ENABLE_OBJC_ARC = YES;
				CLANG_WARN_BOOL_CONVERSION = YES;
				CLANG_WARN_CONSTANT_CONVERSION = YES;
				CLANG_WARN_DIRECT_OBJC_ISA_USAGE = YES_ERROR;
				CLANG_WARN_EMPTY_BODY = YES;
				CLANG_WARN_ENUM_CONVERSION = YES;
				CLANG_WARN_INT_CONVERSION = YES;
				CLANG_WARN_OBJC_ROOT_CLASS = YES_ERROR;
				CLANG_WARN_UNREACHABLE_CODE = YES;
				CLANG_WARN__DUPLICATE_METHOD_MATCH = YES;
				"CODE_SIGN_IDENTITY[sdk=iphoneos*]" = "iPhone Developer";
				COPY_PHASE_STRIP = NO;
				DEBUG_INFORMATION_FORMAT = "dwarf-with-dsym";
				ENABLE_NS_ASSERTIONS = NO;
				ENABLE_STRICT_OBJC_MSGSEND = YES;
				GCC_C_LANGUAGE_STANDARD = gnu99;
				GCC_NO_COMMON_BLOCKS = YES;
				GCC_WARN_64_TO_32_BIT_CONVERSION = YES;
				GCC_WARN_ABOUT_RETURN_TYPE = YES_ERROR;
				GCC_WARN_UNDECLARED_SELECTOR = YES;
				GCC_WARN_UNINITIALIZED_AUTOS = YES_AGGRESSIVE;
				GCC_WARN_UNUSED_FUNCTION = YES;
				GCC_WARN_UNUSED_VARIABLE = YES;
				IPHONEOS_DEPLOYMENT_TARGET = 9.3;
				MTL_ENABLE_DEBUG_INFO = NO;
				SDKROOT = iphoneos;
				TARGETED_DEVICE_FAMILY = "1,2";
				VALIDATE_PRODUCT = YES;
			};
			name = Release;
		};
		58785B101D11629200D1469D /* Debug */ = {
			isa = XCBuildConfiguration;
			buildSettings = {
				ASSETCATALOG_COMPILER_APPICON_NAME = AppIcon;
				INFOPLIST_FILE = GitXcode/Info.plist;
				LD_RUNPATH_SEARCH_PATHS = "$(inherited) @executable_path/Frameworks";
				PRODUCT_BUNDLE_IDENTIFIER = com.MA.GitXcode;
				PRODUCT_NAME = "$(TARGET_NAME)";
			};
			name = Debug;
		};
		58785B111D11629200D1469D /* Release */ = {
			isa = XCBuildConfiguration;
			buildSettings = {
				ASSETCATALOG_COMPILER_APPICON_NAME = AppIcon;
				INFOPLIST_FILE = GitXcode/Info.plist;
				LD_RUNPATH_SEARCH_PATHS = "$(inherited) @executable_path/Frameworks";
				PRODUCT_BUNDLE_IDENTIFIER = com.MA.GitXcode;
				PRODUCT_NAME = "$(TARGET_NAME)";
			};
			name = Release;
		};
		58785B131D11629200D1469D /* Debug */ = {
			isa = XCBuildConfiguration;
			buildSettings = {
				BUNDLE_LOADER = "$(TEST_HOST)";
				INFOPLIST_FILE = GitXcodeTests/Info.plist;
				LD_RUNPATH_SEARCH_PATHS = "$(inherited) @executable_path/Frameworks @loader_path/Frameworks";
				PRODUCT_BUNDLE_IDENTIFIER = com.MA.GitXcodeTests;
				PRODUCT_NAME = "$(TARGET_NAME)";
				TEST_HOST = "$(BUILT_PRODUCTS_DIR)/GitXcode.app/GitXcode";
			};
			name = Debug;
		};
		58785B141D11629200D1469D /* Release */ = {
			isa = XCBuildConfiguration;
			buildSettings = {
				BUNDLE_LOADER = "$(TEST_HOST)";
				INFOPLIST_FILE = GitXcodeTests/Info.plist;
				LD_RUNPATH_SEARCH_PATHS = "$(inherited) @executable_path/Frameworks @loader_path/Frameworks";
				PRODUCT_BUNDLE_IDENTIFIER = com.MA.GitXcodeTests;
				PRODUCT_NAME = "$(TARGET_NAME)";
				TEST_HOST = "$(BUILT_PRODUCTS_DIR)/GitXcode.app/GitXcode";
			};
			name = Release;
		};
		58785B161D11629200D1469D /* Debug */ = {
			isa = XCBuildConfiguration;
			buildSettings = {
				INFOPLIST_FILE = GitXcodeUITests/Info.plist;
				LD_RUNPATH_SEARCH_PATHS = "$(inherited) @executable_path/Frameworks @loader_path/Frameworks";
				PRODUCT_BUNDLE_IDENTIFIER = com.MA.GitXcodeUITests;
				PRODUCT_NAME = "$(TARGET_NAME)";
				TEST_TARGET_NAME = GitXcode;
			};
			name = Debug;
		};
		58785B171D11629200D1469D /* Release */ = {
			isa = XCBuildConfiguration;
			buildSettings = {
				INFOPLIST_FILE = GitXcodeUITests/Info.plist;
				LD_RUNPATH_SEARCH_PATHS = "$(inherited) @executable_path/Frameworks @loader_path/Frameworks";
				PRODUCT_BUNDLE_IDENTIFIER = com.MA.GitXcodeUITests;
				PRODUCT_NAME = "$(TARGET_NAME)";
				TEST_TARGET_NAME = GitXcode;
			};
			name = Release;
		};
/* End XCBuildConfiguration section */

/* Begin XCConfigurationList section */
		58785ADF1D11629200D1469D /* Build configuration list for PBXProject "GitXcode" */ = {
			isa = XCConfigurationList;
			buildConfigurations = (
				58785B0D1D11629200D1469D /* Debug */,
				58785B0E1D11629200D1469D /* Release */,
			);
			defaultConfigurationIsVisible = 0;
			defaultConfigurationName = Release;
		};
		58785B0F1D11629200D1469D /* Build configuration list for PBXNativeTarget "GitXcode" */ = {
			isa = XCConfigurationList;
			buildConfigurations = (
				58785B101D11629200D1469D /* Debug */,
				58785B111D11629200D1469D /* Release */,
			);
			defaultConfigurationIsVisible = 0;
		};
		58785B121D11629200D1469D /* Build configuration list for PBXNativeTarget "GitXcodeTests" */ = {
			isa = XCConfigurationList;
			buildConfigurations = (
				58785B131D11629200D1469D /* Debug */,
				58785B141D11629200D1469D /* Release */,
			);
			defaultConfigurationIsVisible = 0;
		};
		58785B151D11629200D1469D /* Build configuration list for PBXNativeTarget "GitXcodeUITests" */ = {
			isa = XCConfigurationList;
			buildConfigurations = (
				58785B161D11629200D1469D /* Debug */,
				58785B171D11629200D1469D /* Release */,
			);
			defaultConfigurationIsVisible = 0;
		};
/* End XCConfigurationList section */

/* Begin XCVersionGroup section */
		58785AEE1D11629200D1469D /* GitXcode.xcdatamodeld */ = {
			isa = XCVersionGroup;
			children = (
				58785AEF1D11629200D1469D /* GitXcode.xcdatamodel */,
			);
			currentVersion = 58785AEF1D11629200D1469D /* GitXcode.xcdatamodel */;
			path = GitXcode.xcdatamodeld;
			sourceTree = "<group>";
			versionGroupType = wrapper.xcdatamodel;
		};
/* End XCVersionGroup section */
	};
	rootObject = 58785ADC1D11629200D1469D /* Project object */;
}
